version = 1
revision = 3
requires-python = ">=3.13"

[[package]]
name = "chardet"
version = "7.1.0"
source = { registry = "https://pypi.org/simple" }
sdist = { url = "https://files.pythonhosted.org/packages/0d/84/e72ea5c06e687db591283474b8442ab95665fc6bae7b06043b2a6f0eaf6c/chardet-7.1.0.tar.gz", hash = "sha256:8f47bc4accac17bd9accbb4acc1d563acc024a783806c0a43c3a583f5285690b", size = 505743, upload-time = "2026-03-11T21:39:37.603Z" }
wheels = [
    { url = "https://files.pythonhosted.org/packages/b9/79/2c61f33c87d3698f15ca01b0882fbd2fcb95911a783cc615d31adfae025a/chardet-7.1.0-cp313-cp313-macosx_10_13_x86_64.whl", hash = "sha256:cc8c7520a9736da766f5794bbabb1c6cdfe446676429a5cf691af878631a80bf", size = 542249, upload-time = "2026-03-11T21:39:20.133Z" },
    { url = "https://files.pythonhosted.org/packages/eb/0c/2d0c4897e43f1bb1b68dad840551cda224696eda9951524db50721d3bc18/chardet-7.1.0-cp313-cp313-macosx_11_0_arm64.whl", hash = "sha256:6f806f325825325e0682226269a2a4859993344cccca14f2463855d4f5a93272", size = 534544, upload-time = "2026-03-11T21:39:21.844Z" },
    { url = "https://files.pythonhosted.org/packages/17/cb/a568eea24adc1a023da266854e9fc9e0eaffa72580d43c45b47f1b62dd2e/chardet-7.1.0-cp313-cp313-manylinux2014_aarch64.manylinux_2_17_aarch64.manylinux_2_28_aarch64.whl", hash = "sha256:bacc8f862998c59e9ee7fe4960538300d1cc3fe2c293b9cc99bbbc7bf3bedf51", size = 555894, upload-time = "2026-03-11T21:39:23.649Z" },
    { url = "https://files.pythonhosted.org/packages/f3/e7/958975ca18c7b5be9b94354c302a7f3d757c02e7c14e88e0c85af1e16c70/chardet-7.1.0-cp313-cp313-manylinux2014_x86_64.manylinux_2_17_x86_64.manylinux_2_28_x86_64.whl", hash = "sha256:c35d17822fc94467b7951adebd897cb01c0e37ac694be18d2cbd2b676d61df4f", size = 559286, upload-time = "2026-03-11T21:39:25.289Z" },
    { url = "https://files.pythonhosted.org/packages/84/0b/1eddfd650e98bb80ec9f74c0bb98fa60cc36f63d9209214cd069b2a27340/chardet-7.1.0-cp313-cp313-win_amd64.whl", hash = "sha256:b951107b254cdc766e52f4b8339dcfa97c7b45ca9f5509075308db2497e7f3af", size = 526406, upload-time = "2026-03-11T21:39:27.103Z" },
    { url = "https://files.pythonhosted.org/packages/49/70/abaaae51228ce2e87f48b90b6c4a9636882d0515bf94adfad494af89bd6f/chardet-7.1.0-cp314-cp314-macosx_10_15_x86_64.whl", hash = "sha256:619d7ef3187ff1691525a7fdbe8c30f5a519885e1de82f6f57e26a29866bf11b", size = 541725, upload-time = "2026-03-11T21:39:28.664Z" },
    { url = "https://files.pythonhosted.org/packages/72/af/2c494522099248fb44da57c7e4916c8d89f6e21e4dde4978aff15b15bf13/chardet-7.1.0-cp314-cp314-macosx_11_0_arm64.whl", hash = "sha256:96e7fe0770cd77361bec21a1dd8524e77aaa567577fa8372368d5fa8dd0ef00b", size = 534654, upload-time = "2026-03-11T21:39:30.537Z" },
    { url = "https://files.pythonhosted.org/packages/00/1e/3510e8055b60fa9e14572495975795db856ab4f0982daa41efa64a204afd/chardet-7.1.0-cp314-cp314-manylinux2014_aarch64.manylinux_2_17_aarch64.manylinux_2_28_aarch64.whl", hash = "sha256:bbd4fccf1cf6d92fdd75a1827a478672abb5685e61e92ce863d9380b18cb813f", size = 556568, upload-time = "2026-03-11T21:39:31.922Z" },
    { url = "https://files.pythonhosted.org/packages/32/40/31fbc4c7609e5c94e7eb4917faf3a8a222afa7da2ee11ec003fb3d9f267f/chardet-7.1.0-cp314-cp314-manylinux2014_x86_64.manylinux_2_17_x86_64.manylinux_2_28_x86_64.whl", hash = "sha256:5d86d349f768e6d35f6804013f6643d880ec877b94c453fa40a3fd10d16ddb48", size = 559232, upload-time = "2026-03-11T21:39:33.291Z" },
    { url = "https://files.pythonhosted.org/packages/4a/12/7551df67438d751fd6ce0f74a357cb0ebda998830ea2481bbe40eb83e848/chardet-7.1.0-cp314-cp314-win_amd64.whl", hash = "sha256:38be4c07e016dac37fb6060094f3a720200e3e49dc14f55924a1c230eeffa59f", size = 526135, upload-time = "2026-03-11T21:39:34.87Z" },
    { url = "https://files.pythonhosted.org/packages/87/13/6aa6c9118ce153a806bb0472e27e8f8c24e6925db8a5b9fe99e03e45af15/chardet-7.1.0-py3-none-any.whl", hash = "sha256:7f677725333bf53f84b7f57458f44669a8a5eb2ac4092ac699cdfa9b1af08a5f", size = 411334, upload-time = "2026-03-11T21:39:36.198Z" },
]

[[package]]
name = "markdown-it-py"
version = "4.0.0"
source = { registry = "https://pypi.org/simple" }
dependencies = [
    { name = "mdurl" },
]
sdist = { url = "https://files.pythonhosted.org/packages/5b/f5/4ec618ed16cc4f8fb3b701563655a69816155e79e24a17b651541804721d/markdown_it_py-4.0.0.tar.gz", hash = "sha256:cb0a2b4aa34f932c007117b194e945bd74e0ec24133ceb5bac59009cda1cb9f3", size = 73070, upload-time = "2025-08-11T12:57:52.854Z" }
wheels = [
    { url = "https://files.pythonhosted.org/packages/94/54/e7d793b573f298e1c9013b8c4dade17d481164aa517d1d7148619c2cedbf/markdown_it_py-4.0.0-py3-none-any.whl", hash = "sha256:87327c59b172c5011896038353a81343b6754500a08cd7a4973bb48c6d578147", size = 87321, upload-time = "2025-08-11T12:57:51.923Z" },
]

[[package]]
name = "mdurl"
version = "0.1.2"
source = { registry = "https://pypi.org/simple" }
sdist = { url = "https://files.pythonhosted.org/packages/d6/54/cfe61301667036ec958cb99bd3efefba235e65cdeb9c84d24a8293ba1d90/mdurl-0.1.2.tar.gz", hash = "sha256:bb413d29f5eea38f31dd4754dd7377d4465116fb207585f97bf925588687c1ba", size = 8729, upload-time = "2022-08-14T12:40:10.846Z" }
wheels = [
    { url = "https://files.pythonhosted.org/packages/b3/38/89ba8ad64ae25be8de66a6d463314cf1eb366222074cfda9ee839c56a4b4/mdurl-0.1.2-py3-none-any.whl", hash = "sha256:84008a41e51615a49fc9966191ff91509e3c40b939176e643fd50a5c2196b8f8", size = 9979, upload-time = "2022-08-14T12:40:09.779Z" },
]

[[package]]
name = "prompt-toolkit"
version = "3.0.52"
source = { registry = "https://pypi.org/simple" }
dependencies = [
    { name = "wcwidth" },
]
sdist = { url = "https://files.pythonhosted.org/packages/a1/96/06e01a7b38dce6fe1db213e061a4602dd6032a8a97ef6c1a862537732421/prompt_toolkit-3.0.52.tar.gz", hash = "sha256:28cde192929c8e7321de85de1ddbe736f1375148b02f2e17edd840042b1be855", size = 434198, upload-time = "2025-08-27T15:24:02.057Z" }
wheels = [
    { url = "https://files.pythonhosted.org/packages/84/03/0d3ce49e2505ae70cf43bc5bb3033955d2fc9f932163e84dc0779cc47f48/prompt_toolkit-3.0.52-py3-none-any.whl", hash = "sha256:9aac639a3bbd33284347de5ad8d68ecc044b91a762dc39b7c21095fcd6a19955", size = 391431, upload-time = "2025-08-27T15:23:59.498Z" },
]

[[package]]
name = "pygments"
version = "2.19.2"
source = { registry = "https://pypi.org/simple" }
sdist = { url = "https://files.pythonhosted.org/packages/b0/77/a5b8c569bf593b0140bde72ea885a803b82086995367bf2037de0159d924/pygments-2.19.2.tar.gz", hash = "sha256:636cb2477cec7f8952536970bc533bc43743542f70392ae026374600add5b887", size = 4968631, upload-time = "2025-06-21T13:39:12.283Z" }
wheels = [
    { url = "https://files.pythonhosted.org/packages/c7/21/705964c7812476f378728bdf590ca4b771ec72385c533964653c68e86bdc/pygments-2.19.2-py3-none-any.whl", hash = "sha256:86540386c03d588bb81d44bc3928634ff26449851e99741617ecb9037ee5ec0b", size = 1225217, upload-time = "2025-06-21T13:39:07.939Z" },
]

[[package]]
name = "rich"
version = "14.3.3"
source = { registry = "https://pypi.org/simple" }
dependencies = [
    { name = "markdown-it-py" },
    { name = "pygments" },
]
sdist = { url = "https://files.pythonhosted.org/packages/b3/c6/f3b320c27991c46f43ee9d856302c70dc2d0fb2dba4842ff739d5f46b393/rich-14.3.3.tar.gz", hash = "sha256:b8daa0b9e4eef54dd8cf7c86c03713f53241884e814f4e2f5fb342fe520f639b", size = 230582, upload-time = "2026-02-19T17:23:12.474Z" }
wheels = [
    { url = "https://files.pythonhosted.org/packages/14/25/b208c5683343959b670dc001595f2f3737e051da617f66c31f7c4fa93abc/rich-14.3.3-py3-none-any.whl", hash = "sha256:793431c1f8619afa7d3b52b2cdec859562b950ea0d4b6b505397612db8d5362d", size = 310458, upload-time = "2026-02-19T17:23:13.732Z" },
]

[[package]]
name = "uniinfo-editor"
version = "1.0.0"
source = { virtual = "." }
dependencies = [
    { name = "chardet" },
    { name = "prompt-toolkit" },
    { name = "rich" },
]

[package.metadata]
requires-dist = [
    { name = "chardet", specifier = ">=5.2.0" },
    { name = "prompt-toolkit", specifier = ">=3.0.51" },
    { name = "rich", specifier = ">=14.1.0" },
]

[[package]]
name = "wcwidth"
version = "0.6.0"
source = { registry = "https://pypi.org/simple" }
sdist = { url = "https://files.pythonhosted.org/packages/35/a2/8e3becb46433538a38726c948d3399905a4c7cabd0df578ede5dc51f0ec2/wcwidth-0.6.0.tar.gz", hash = "sha256:cdc4e4262d6ef9a1a57e018384cbeb1208d8abbc64176027e2c2455c81313159", size = 159684, upload-time = "2026-02-06T19:19:40.919Z" }
wheels = [
    { url = "https://files.pythonhosted.org/packages/68/5a/199c59e0a824a3db2b89c5d2dade7ab5f9624dbf6448dc291b46d5ec94d3/wcwidth-0.6.0-py3-none-any.whl", hash = "sha256:1a3a1e510b553315f8e146c54764f4fb6264ffad731b3d78088cdb1478ffbdad", size = 94189, upload-time = "2026-02-06T19:19:39.646Z" },
]
